
Microsoft Visual Studio Solution File, Format Version 12.00
# Visual Studio Version 16
VisualStudioVersion = 16.0.31313.79
MinimumVisualStudioVersion = 10.0.40219.1
Project("{FAE04EC0-301F-11D3-BF4B-00C04F79EFBC}") = "Exercicio_TestandoSwitch", "Exercicio_TestandoSwitch.csproj", "{1F103EDA-DB2A-41EA-8580-61022940E3F2}"
EndProject
Global
	GlobalSection(SolutionConfigurationPlatforms) = preSolution
		Debug|Any CPU = Debug|Any CPU
		Release|Any CPU = Release|Any CPU
	EndGlobalSection
	GlobalSection(ProjectConfigurationPlatforms) = postSolution
		{1F103EDA-DB2A-41EA-8580-61022940E3F2}.Debug|Any CPU.ActiveCfg = Debug|Any CPU
		{1F103EDA-DB2A-41EA-8580-61022940E3F2}.Debug|Any CPU.Build.0 = Debug|Any CPU
		{1F103EDA-DB2A-41EA-8580-61022940E3F2}.Release|Any CPU.ActiveCfg = Release|Any CPU
		{1F103EDA-DB2A-41EA-8580-61022940E3F2}.Release|Any CPU.Build.0 = Release|Any CPU
	EndGlobalSection
	GlobalSection(SolutionProperties) = preSolution
		HideSolutionNode = FALSE
	EndGlobalSection
	GlobalSection(ExtensibilityGlobals) = postSolution
		SolutionGuid = {C2A34ABF-C788-4ABA-90F6-E737A677E204}
	EndGlobalSection
EndGlobal
